// !$*UTF8*$!
{
	archiveVersion = 1;
	classes = {
	};
	objectVersion = 60;
	objects = {

/* Begin PBXBuildFile section */
		C2E7A1B2C3D4E5F607182930 /* LiveChatIOS/Assets.xcassets in Resources */ = {isa = PBXBuildFile; fileRef = C2E7A1B2C3D4E5F607182931 /* LiveChatIOS/Assets.xcassets */; };
		4F0F1C2C2C61B7F8008F12B2 /* LiveChatCompose.xcframework in Frameworks */ = {isa = PBXBuildFile; fileRef = 4F0F1C2C2C61B7F8008F12A6 /* LiveChatCompose.xcframework */; };
		4F0F1C2C2C61B7F8008F12B3 /* LiveChatCompose.xcframework in Embed Frameworks */ = {isa = PBXBuildFile; fileRef = 4F0F1C2C2C61B7F8008F12A6 /* LiveChatCompose.xcframework */; settings = {ATTRIBUTES = (CodeSignOnCopy, RemoveHeadersOnCopy, ); }; };
		4F0F1C2C2C61B7F8008F12C1 /* libsqlite3.tbd in Frameworks */ = {isa = PBXBuildFile; fileRef = 4F0F1C2C2C61B7F8008F12C0 /* libsqlite3.tbd */; };
		A1B2C3D4E5F60718293A4B65 /* LiveChatIOS/GoogleService-Info.plist in Resources */ = {isa = PBXBuildFile; fileRef = A1B2C3D4E5F60718293A4B66 /* LiveChatIOS/GoogleService-Info.plist */; };
		A1B2C3D4E5F60718293A4B61 /* FirebaseCore in Frameworks */ = {isa = PBXBuildFile; productRef = A1B2C3D4E5F60718293A4B5D /* FirebaseCore */; };
		A1B2C3D4E5F60718293A4B68 /* FirebaseAuth in Frameworks */ = {isa = PBXBuildFile; productRef = A1B2C3D4E5F60718293A4B67 /* FirebaseAuth */; };
		A1B2C3D4E5F60718293A4B62 /* FirebaseFirestore in Frameworks */ = {isa = PBXBuildFile; productRef = A1B2C3D4E5F60718293A4B5E /* FirebaseFirestore */; };
		A1B2C3D4E5F60718293A4B63 /* FirebaseFunctions in Frameworks */ = {isa = PBXBuildFile; productRef = A1B2C3D4E5F60718293A4B5F /* FirebaseFunctions */; };
		A1B2C3D4E5F60718293A4B64 /* FirebaseStorage in Frameworks */ = {isa = PBXBuildFile; productRef = A1B2C3D4E5F60718293A4B60 /* FirebaseStorage */; };
		7F0AD4BE2D45E3D700C6A1E1 /* LiveChatIOS/AppDelegate.swift in Sources */ = {isa = PBXBuildFile; fileRef = 7F0AD4BD2D45E3D700C6A1E1 /* LiveChatIOS/AppDelegate.swift */; };
		7F0AD4C02D45E50C00C6A1E1 /* LiveChatIOS/SceneDelegate.swift in Sources */ = {isa = PBXBuildFile; fileRef = 7F0AD4BF2D45E50C00C6A1E1 /* LiveChatIOS/SceneDelegate.swift */; };
		7F0AD4C22D45E5B500C6A1E1 /* LiveChatIOS/LiveChatRootViewController.swift in Sources */ = {isa = PBXBuildFile; fileRef = 7F0AD4C12D45E5B500C6A1E1 /* LiveChatIOS/LiveChatRootViewController.swift */; };
		D6DD0116FFAE40E3887EF1BE /* LiveChatIOS/FirebaseMessagesBridge.swift in Sources */ = {isa = PBXBuildFile; fileRef = F87F176FA2E94BC48B2AA10B /* LiveChatIOS/FirebaseMessagesBridge.swift */; };
		EFD5952226034B8496F1D667 /* LiveChatIOS/FirebaseContactsBridge.swift in Sources */ = {isa = PBXBuildFile; fileRef = BECF9DB746BA40A6B39CBC83 /* LiveChatIOS/FirebaseContactsBridge.swift */; };
		96E4D7A5B05C4E7CB0FE3611 /* LiveChatIOS/FirebaseStorageBridge.swift in Sources */ = {isa = PBXBuildFile; fileRef = F8EBB78A95A94D18B72B942B /* LiveChatIOS/FirebaseStorageBridge.swift */; };
		D51F087574D14572ACCCDD85 /* LiveChatIOS/FirebasePhoneAuthBridge.swift in Sources */ = {isa = PBXBuildFile; fileRef = E2AC4F07903D4E07B4A75461 /* LiveChatIOS/FirebasePhoneAuthBridge.swift */; };
		A1B2C3D4E5F60718293A4B70 /* LiveChatIOS/FirebaseConfig.swift in Sources */ = {isa = PBXBuildFile; fileRef = A1B2C3D4E5F60718293A4B71 /* LiveChatIOS/FirebaseConfig.swift */; };
		A1B2C3D4E5F60718293A4B72 /* LiveChatIOS/IosContactsProvider.swift in Sources */ = {isa = PBXBuildFile; fileRef = A1B2C3D4E5F60718293A4B73 /* LiveChatIOS/IosContactsProvider.swift */; };
		B0DC9DAFB8BA4A0796555A13 /* LiveChatIOS/LiveChatBridgeFactory.swift in Sources */ = {isa = PBXBuildFile; fileRef = E2FD02392F6E4348869E5651 /* LiveChatIOS/LiveChatBridgeFactory.swift */; };
		52AB906A01970BC3BD29D254 /* LiveChatIOS/UITestPhoneAuthBridge.swift in Sources */ = {isa = PBXBuildFile; fileRef = 2D1D2ACDD62D09B3CD7BCFF0 /* LiveChatIOS/UITestPhoneAuthBridge.swift */; };
		B6B11E8265C9497FB55E2676 /* LiveChatIOSUITests/LiveChatIOSUITests.swift in Sources */ = {isa = PBXBuildFile; fileRef = 600FF41C96B64C1EBF3F874E /* LiveChatIOSUITests/LiveChatIOSUITests.swift */; };
/* End PBXBuildFile section */

/* Begin PBXCopyFilesBuildPhase section */
		4F0F1C2C2C61B7F8008F12AE /* Embed Frameworks */ = {
			isa = PBXCopyFilesBuildPhase;
			buildActionMask = 2147483647;
			dstPath = "";
			dstSubfolderSpec = 10;
			files = (
				4F0F1C2C2C61B7F8008F12B3 /* LiveChatCompose.xcframework in Embed Frameworks */,
			);
			name = "Embed Frameworks";
			runOnlyForDeploymentPostprocessing = 0;
		};
/* End PBXCopyFilesBuildPhase section */

/* Begin PBXContainerItemProxy section */
		D7B19233286A4A3FADF2B785 /* PBXContainerItemProxy */ = {
			isa = PBXContainerItemProxy;
			containerPortal = 4F0F1C2C2C61B7F8008F12A0 /* Project object */;
			proxyType = 1;
			remoteGlobalIDString = 4F0F1C2C2C61B7F8008F12AA /* LiveChatIOS */;
			remoteInfo = LiveChatIOS;
		};
/* End PBXContainerItemProxy section */

/* Begin PBXFileReference section */
		4F0F1C2C2C61B7F8008F12A6 /* LiveChatCompose.xcframework */ = {isa = PBXFileReference; lastKnownFileType = wrapper.xcframework; name = LiveChatCompose.xcframework; path = ../composeApp/build/XCFrameworks/debug/LiveChatCompose.xcframework; sourceTree = SOURCE_ROOT; };
		4F0F1C2C2C61B7F8008F12AF /* LiveChatIOS.app */ = {isa = PBXFileReference; explicitFileType = wrapper.application; includeInIndex = 0; path = LiveChatIOS.app; sourceTree = BUILT_PRODUCTS_DIR; };
		4F0F1C2C2C61B7F8008F12C0 /* libsqlite3.tbd */ = {isa = PBXFileReference; lastKnownFileType = "sourcecode.text-based-dylib-definition"; name = libsqlite3.tbd; path = usr/lib/libsqlite3.tbd; sourceTree = SDKROOT; };
		C2E7A1B2C3D4E5F607182931 /* LiveChatIOS/Assets.xcassets */ = {isa = PBXFileReference; lastKnownFileType = folder.assetcatalog; path = LiveChatIOS/Assets.xcassets; sourceTree = SOURCE_ROOT; };
		600FF41C96B64C1EBF3F874E /* LiveChatIOSUITests/LiveChatIOSUITests.swift */ = {isa = PBXFileReference; lastKnownFileType = sourcecode.swift; path = LiveChatIOSUITests/LiveChatIOSUITests.swift; sourceTree = SOURCE_ROOT; };
		A1B2C3D4E5F60718293A4B66 /* LiveChatIOS/GoogleService-Info.plist */ = {isa = PBXFileReference; lastKnownFileType = text.plist.xml; path = "LiveChatIOS/GoogleService-Info.plist"; sourceTree = SOURCE_ROOT; };
		26788EF6BAEE4EE8B362DA93 /* LiveChatIOSUITests/Info.plist */ = {isa = PBXFileReference; lastKnownFileType = text.plist.xml; path = LiveChatIOSUITests/Info.plist; sourceTree = SOURCE_ROOT; };
		7F0AD4BD2D45E3D700C6A1E1 /* LiveChatIOS/AppDelegate.swift */ = {isa = PBXFileReference; lastKnownFileType = sourcecode.swift; path = LiveChatIOS/AppDelegate.swift; sourceTree = SOURCE_ROOT; };
		7F0AD4BF2D45E50C00C6A1E1 /* LiveChatIOS/SceneDelegate.swift */ = {isa = PBXFileReference; lastKnownFileType = sourcecode.swift; path = LiveChatIOS/SceneDelegate.swift; sourceTree = SOURCE_ROOT; };
		7F0AD4C12D45E5B500C6A1E1 /* LiveChatIOS/LiveChatRootViewController.swift */ = {isa = PBXFileReference; lastKnownFileType = sourcecode.swift; path = LiveChatIOS/LiveChatRootViewController.swift; sourceTree = SOURCE_ROOT; };
		F87F176FA2E94BC48B2AA10B /* LiveChatIOS/FirebaseMessagesBridge.swift */ = {isa = PBXFileReference; lastKnownFileType = sourcecode.swift; path = LiveChatIOS/FirebaseMessagesBridge.swift; sourceTree = SOURCE_ROOT; };
		BECF9DB746BA40A6B39CBC83 /* LiveChatIOS/FirebaseContactsBridge.swift */ = {isa = PBXFileReference; lastKnownFileType = sourcecode.swift; path = LiveChatIOS/FirebaseContactsBridge.swift; sourceTree = SOURCE_ROOT; };
		F8EBB78A95A94D18B72B942B /* LiveChatIOS/FirebaseStorageBridge.swift */ = {isa = PBXFileReference; lastKnownFileType = sourcecode.swift; path = LiveChatIOS/FirebaseStorageBridge.swift; sourceTree = SOURCE_ROOT; };
		E2AC4F07903D4E07B4A75461 /* LiveChatIOS/FirebasePhoneAuthBridge.swift */ = {isa = PBXFileReference; lastKnownFileType = sourcecode.swift; path = LiveChatIOS/FirebasePhoneAuthBridge.swift; sourceTree = SOURCE_ROOT; };
		A1B2C3D4E5F60718293A4B71 /* LiveChatIOS/FirebaseConfig.swift */ = {isa = PBXFileReference; lastKnownFileType = sourcecode.swift; path = LiveChatIOS/FirebaseConfig.swift; sourceTree = SOURCE_ROOT; };
		A1B2C3D4E5F60718293A4B73 /* LiveChatIOS/IosContactsProvider.swift */ = {isa = PBXFileReference; lastKnownFileType = sourcecode.swift; path = LiveChatIOS/IosContactsProvider.swift; sourceTree = SOURCE_ROOT; };
		E2FD02392F6E4348869E5651 /* LiveChatIOS/LiveChatBridgeFactory.swift */ = {isa = PBXFileReference; lastKnownFileType = sourcecode.swift; path = LiveChatIOS/LiveChatBridgeFactory.swift; sourceTree = SOURCE_ROOT; };
		2D1D2ACDD62D09B3CD7BCFF0 /* LiveChatIOS/UITestPhoneAuthBridge.swift */ = {isa = PBXFileReference; lastKnownFileType = sourcecode.swift; path = LiveChatIOS/UITestPhoneAuthBridge.swift; sourceTree = SOURCE_ROOT; };
		95CFB87026E94C0786D0A0B9 /* LiveChatIOSUITests.xctest */ = {isa = PBXFileReference; explicitFileType = wrapper.cfbundle; includeInIndex = 0; path = LiveChatIOSUITests.xctest; sourceTree = BUILT_PRODUCTS_DIR; };
		FBDCA5D62EF4D775008E4D69 /* LiveChatIOS.entitlements */ = {isa = PBXFileReference; lastKnownFileType = text.plist.entitlements; name = LiveChatIOS.entitlements; path = LiveChatIOS/LiveChatIOS.entitlements; sourceTree = "<group>"; };
/* End PBXFileReference section */

/* Begin PBXFrameworksBuildPhase section */
		4F0F1C2C2C61B7F8008F12AB /* Frameworks */ = {
			isa = PBXFrameworksBuildPhase;
			buildActionMask = 2147483647;
			files = (
				4F0F1C2C2C61B7F8008F12B2 /* LiveChatCompose.xcframework in Frameworks */,
				4F0F1C2C2C61B7F8008F12C1 /* libsqlite3.tbd in Frameworks */,
				A1B2C3D4E5F60718293A4B61 /* FirebaseCore in Frameworks */,
				A1B2C3D4E5F60718293A4B68 /* FirebaseAuth in Frameworks */,
				A1B2C3D4E5F60718293A4B62 /* FirebaseFirestore in Frameworks */,
				A1B2C3D4E5F60718293A4B63 /* FirebaseFunctions in Frameworks */,
				A1B2C3D4E5F60718293A4B64 /* FirebaseStorage in Frameworks */,
			);
			runOnlyForDeploymentPostprocessing = 0;
		};
		42E7EC2C7F504588A4B50C7F /* Frameworks */ = {
			isa = PBXFrameworksBuildPhase;
			buildActionMask = 2147483647;
			files = (
			);
			runOnlyForDeploymentPostprocessing = 0;
		};
/* End PBXFrameworksBuildPhase section */

/* Begin PBXGroup section */
		4F0F1C2C2C61B7F8008F129F = {
			isa = PBXGroup;
			children = (
				7A4439C15F454489B21DA463 /* LiveChatIOSUITests */,
				FBDCA5D62EF4D775008E4D69 /* LiveChatIOS.entitlements */,
				C2E7A1B2C3D4E5F607182931 /* LiveChatIOS/Assets.xcassets */,
				A1B2C3D4E5F60718293A4B66 /* LiveChatIOS/GoogleService-Info.plist */,
				7F0AD4BD2D45E3D700C6A1E1 /* LiveChatIOS/AppDelegate.swift */,
				7F0AD4BF2D45E50C00C6A1E1 /* LiveChatIOS/SceneDelegate.swift */,
				7F0AD4C12D45E5B500C6A1E1 /* LiveChatIOS/LiveChatRootViewController.swift */,
				F87F176FA2E94BC48B2AA10B /* LiveChatIOS/FirebaseMessagesBridge.swift */,
				BECF9DB746BA40A6B39CBC83 /* LiveChatIOS/FirebaseContactsBridge.swift */,
				F8EBB78A95A94D18B72B942B /* LiveChatIOS/FirebaseStorageBridge.swift */,
				E2AC4F07903D4E07B4A75461 /* LiveChatIOS/FirebasePhoneAuthBridge.swift */,
				A1B2C3D4E5F60718293A4B71 /* LiveChatIOS/FirebaseConfig.swift */,
				A1B2C3D4E5F60718293A4B73 /* LiveChatIOS/IosContactsProvider.swift */,
				E2FD02392F6E4348869E5651 /* LiveChatIOS/LiveChatBridgeFactory.swift */,
				2D1D2ACDD62D09B3CD7BCFF0 /* LiveChatIOS/UITestPhoneAuthBridge.swift */,
				4F0F1C2C2C61B7F8008F12A8 /* Frameworks */,
				4F0F1C2C2C61B7F8008F12A9 /* Products */,
			);
			sourceTree = "<group>";
		};
		4F0F1C2C2C61B7F8008F12A8 /* Frameworks */ = {
			isa = PBXGroup;
			children = (
				4F0F1C2C2C61B7F8008F12A6 /* LiveChatCompose.xcframework */,
				4F0F1C2C2C61B7F8008F12C0 /* libsqlite3.tbd */,
			);
			name = Frameworks;
			sourceTree = "<group>";
		};
		7A4439C15F454489B21DA463 /* LiveChatIOSUITests */ = {
			isa = PBXGroup;
			children = (
				26788EF6BAEE4EE8B362DA93 /* LiveChatIOSUITests/Info.plist */,
				600FF41C96B64C1EBF3F874E /* LiveChatIOSUITests/LiveChatIOSUITests.swift */,
			);
			name = LiveChatIOSUITests;
			sourceTree = "<group>";
		};
		4F0F1C2C2C61B7F8008F12A9 /* Products */ = {
			isa = PBXGroup;
			children = (
				4F0F1C2C2C61B7F8008F12AF /* LiveChatIOS.app */,
				95CFB87026E94C0786D0A0B9 /* LiveChatIOSUITests.xctest */,
			);
			name = Products;
			sourceTree = "<group>";
		};
/* End PBXGroup section */

/* Begin PBXNativeTarget section */
		4F0F1C2C2C61B7F8008F12AA /* LiveChatIOS */ = {
			isa = PBXNativeTarget;
			buildConfigurationList = 4F0F1C2C2C61B7F8008F12B7 /* Build configuration list for PBXNativeTarget "LiveChatIOS" */;
			buildPhases = (
				7F0AD4C42D45E5B600C6A1E1 /* ShellScript */,
				4F0F1C2C2C61B7F8008F12A1 /* Sources */,
				4F0F1C2C2C61B7F8008F12AB /* Frameworks */,
				4F0F1C2C2C61B7F8008F12AC /* Resources */,
				4F0F1C2C2C61B7F8008F12AE /* Embed Frameworks */,
			);
			buildRules = (
			);
			dependencies = (
			);
			packageProductDependencies = (
				A1B2C3D4E5F60718293A4B5D /* FirebaseCore */,
				A1B2C3D4E5F60718293A4B67 /* FirebaseAuth */,
				A1B2C3D4E5F60718293A4B5E /* FirebaseFirestore */,
				A1B2C3D4E5F60718293A4B5F /* FirebaseFunctions */,
				A1B2C3D4E5F60718293A4B60 /* FirebaseStorage */,
			);
			name = LiveChatIOS;
			productName = LiveChatIOS;
			productReference = 4F0F1C2C2C61B7F8008F12AF /* LiveChatIOS.app */;
			productType = "com.apple.product-type.application";
		};
		2C90E1F82F5E4FFFA4C2D611 /* LiveChatIOSUITests */ = {
			isa = PBXNativeTarget;
			buildConfigurationList = A72A0C5FCF2B41BF8680E49D /* Build configuration list for PBXNativeTarget "LiveChatIOSUITests" */;
			buildPhases = (
				93ADD69ED899482AACE2E1BA /* Sources */,
				42E7EC2C7F504588A4B50C7F /* Frameworks */,
				3787EDB4A6494F99AC1FBF9E /* Resources */,
			);
			buildRules = (
			);
			dependencies = (
				F415E02520E240D5ACFA8ED6 /* PBXTargetDependency */,
			);
			name = LiveChatIOSUITests;
			productName = LiveChatIOSUITests;
			productReference = 95CFB87026E94C0786D0A0B9 /* LiveChatIOSUITests.xctest */;
			productType = "com.apple.product-type.bundle.ui-testing";
		};
/* End PBXNativeTarget section */

/* Begin PBXProject section */
		4F0F1C2C2C61B7F8008F12A0 /* Project object */ = {
			isa = PBXProject;
			attributes = {
				BuildIndependentTargetsInParallel = YES;
				LastSwiftUpdateCheck = 1530;
				LastUpgradeCheck = 1530;
				TargetAttributes = {
					4F0F1C2C2C61B7F8008F12AA = {
						CreatedOnToolsVersion = 15.3;
						ProvisioningStyle = Automatic;
					};
					2C90E1F82F5E4FFFA4C2D611 = {
						CreatedOnToolsVersion = 15.3;
						ProvisioningStyle = Automatic;
						TestTargetID = 4F0F1C2C2C61B7F8008F12AA;
					};
				};
			};
			buildConfigurationList = 4F0F1C2C2C61B7F8008F12B4 /* Build configuration list for PBXProject "LiveChatIOS" */;
			compatibilityVersion = "Xcode 15.0";
			developmentRegion = en;
			hasScannedForEncodings = 0;
			knownRegions = (
				en,
			);
			mainGroup = 4F0F1C2C2C61B7F8008F129F;
			packageReferences = (
				A1B2C3D4E5F60718293A4B5C /* firebase-ios-sdk */,
			);
			productRefGroup = 4F0F1C2C2C61B7F8008F12A9 /* Products */;
			projectDirPath = "";
			projectRoot = "";
			targets = (
				4F0F1C2C2C61B7F8008F12AA /* LiveChatIOS */,
				2C90E1F82F5E4FFFA4C2D611 /* LiveChatIOSUITests */,
			);
		};
/* End PBXProject section */

/* Begin PBXResourcesBuildPhase section */
		4F0F1C2C2C61B7F8008F12AC /* Resources */ = {
			isa = PBXResourcesBuildPhase;
			buildActionMask = 2147483647;
			files = (
				C2E7A1B2C3D4E5F607182930 /* LiveChatIOS/Assets.xcassets in Resources */,
				A1B2C3D4E5F60718293A4B65 /* LiveChatIOS/GoogleService-Info.plist in Resources */,
			);
			runOnlyForDeploymentPostprocessing = 0;
		};
		3787EDB4A6494F99AC1FBF9E /* Resources */ = {
			isa = PBXResourcesBuildPhase;
			buildActionMask = 2147483647;
			files = (
			);
			runOnlyForDeploymentPostprocessing = 0;
		};
/* End PBXResourcesBuildPhase section */

/* Begin PBXShellScriptBuildPhase section */
		7F0AD4C42D45E5B600C6A1E1 /* ShellScript */ = {
			isa = PBXShellScriptBuildPhase;
			buildActionMask = 2147483647;
			files = (
			);
			inputPaths = (
				"$(SRCROOT)/../composeApp/build.gradle.kts",
				"$(SRCROOT)/../composeApp/src/iosMain/kotlin",
				"$(SRCROOT)/../composeApp/src/commonMain/kotlin",
			);
			outputPaths = (
				"$(DERIVED_FILE_DIR)/compose_xcframework_built.txt",
			);
			runOnlyForDeploymentPostprocessing = 0;
			shellPath = /bin/bash;
			shellScript = "set -e\nexport JAVA_HOME=\"/Library/Java/JavaVirtualMachines/temurin-17.jdk/Contents/Home\"\n\"$SRCROOT/../gradlew\" :composeApp:assembleLiveChatComposeDebugXCFramework\n";
		};
/* End PBXShellScriptBuildPhase section */

/* Begin PBXSourcesBuildPhase section */
		4F0F1C2C2C61B7F8008F12A1 /* Sources */ = {
			isa = PBXSourcesBuildPhase;
			buildActionMask = 2147483647;
			files = (
				7F0AD4BE2D45E3D700C6A1E1 /* LiveChatIOS/AppDelegate.swift in Sources */,
				7F0AD4C02D45E50C00C6A1E1 /* LiveChatIOS/SceneDelegate.swift in Sources */,
				7F0AD4C22D45E5B500C6A1E1 /* LiveChatIOS/LiveChatRootViewController.swift in Sources */,
				D6DD0116FFAE40E3887EF1BE /* LiveChatIOS/FirebaseMessagesBridge.swift in Sources */,
				EFD5952226034B8496F1D667 /* LiveChatIOS/FirebaseContactsBridge.swift in Sources */,
				96E4D7A5B05C4E7CB0FE3611 /* LiveChatIOS/FirebaseStorageBridge.swift in Sources */,
				D51F087574D14572ACCCDD85 /* LiveChatIOS/FirebasePhoneAuthBridge.swift in Sources */,
				A1B2C3D4E5F60718293A4B70 /* LiveChatIOS/FirebaseConfig.swift in Sources */,
				A1B2C3D4E5F60718293A4B72 /* LiveChatIOS/IosContactsProvider.swift in Sources */,
				B0DC9DAFB8BA4A0796555A13 /* LiveChatIOS/LiveChatBridgeFactory.swift in Sources */,
				52AB906A01970BC3BD29D254 /* LiveChatIOS/UITestPhoneAuthBridge.swift in Sources */,
			);
			runOnlyForDeploymentPostprocessing = 0;
		};
		93ADD69ED899482AACE2E1BA /* Sources */ = {
			isa = PBXSourcesBuildPhase;
			buildActionMask = 2147483647;
			files = (
				B6B11E8265C9497FB55E2676 /* LiveChatIOSUITests/LiveChatIOSUITests.swift in Sources */,
			);
			runOnlyForDeploymentPostprocessing = 0;
		};
/* End PBXSourcesBuildPhase section */

/* Begin PBXTargetDependency section */
		F415E02520E240D5ACFA8ED6 /* PBXTargetDependency */ = {
			isa = PBXTargetDependency;
			target = 4F0F1C2C2C61B7F8008F12AA /* LiveChatIOS */;
			targetProxy = D7B19233286A4A3FADF2B785 /* PBXContainerItemProxy */;
		};
/* End PBXTargetDependency section */

/* Begin XCRemoteSwiftPackageReference section */
		A1B2C3D4E5F60718293A4B5C /* firebase-ios-sdk */ = {
			isa = XCRemoteSwiftPackageReference;
			repositoryURL = "https://github.com/firebase/firebase-ios-sdk";
			requirement = {
				kind = upToNextMajorVersion;
				minimumVersion = 11.0.0;
			};
		};
/* End XCRemoteSwiftPackageReference section */

/* Begin XCSwiftPackageProductDependency section */
		A1B2C3D4E5F60718293A4B5D /* FirebaseCore */ = {
			isa = XCSwiftPackageProductDependency;
			package = A1B2C3D4E5F60718293A4B5C /* firebase-ios-sdk */;
			productName = FirebaseCore;
		};
		A1B2C3D4E5F60718293A4B67 /* FirebaseAuth */ = {
			isa = XCSwiftPackageProductDependency;
			package = A1B2C3D4E5F60718293A4B5C /* firebase-ios-sdk */;
			productName = FirebaseAuth;
		};
		A1B2C3D4E5F60718293A4B5E /* FirebaseFirestore */ = {
			isa = XCSwiftPackageProductDependency;
			package = A1B2C3D4E5F60718293A4B5C /* firebase-ios-sdk */;
			productName = FirebaseFirestore;
		};
		A1B2C3D4E5F60718293A4B5F /* FirebaseFunctions */ = {
			isa = XCSwiftPackageProductDependency;
			package = A1B2C3D4E5F60718293A4B5C /* firebase-ios-sdk */;
			productName = FirebaseFunctions;
		};
		A1B2C3D4E5F60718293A4B60 /* FirebaseStorage */ = {
			isa = XCSwiftPackageProductDependency;
			package = A1B2C3D4E5F60718293A4B5C /* firebase-ios-sdk */;
			productName = FirebaseStorage;
		};
/* End XCSwiftPackageProductDependency section */

/* Begin XCBuildConfiguration section */
		4F0F1C2C2C61B7F8008F12B5 /* Debug */ = {
			isa = XCBuildConfiguration;
			buildSettings = {
				ALWAYS_SEARCH_USER_PATHS = NO;
				CLANG_ANALYZER_NONNULL = YES;
				CLANG_ANALYZER_NUMBER_OBJECT_CONVERSION = YES_AGGRESSIVE;
				CLANG_CXX_LANGUAGE_STANDARD = "gnu++20";
				CLANG_ENABLE_MODULES = YES;
				CLANG_ENABLE_OBJC_ARC = YES;
				CLANG_ENABLE_OBJC_WEAK = YES;
				CLANG_WARN_BLOCK_CAPTURE_AUTORELEASING = YES;
				CLANG_WARN_BOOL_CONVERSION = YES;
				CLANG_WARN_COMMA = YES;
				CLANG_WARN_CONSTANT_CONVERSION = YES;
				CLANG_WARN_DEPRECATED_OBJC_IMPLEMENTATIONS = YES;
				CLANG_WARN_DIRECT_OBJC_ISA_USAGE = YES_ERROR;
				CLANG_WARN_DOCUMENTATION_COMMENTS = YES;
				CLANG_WARN_EMPTY_BODY = YES;
				CLANG_WARN_ENUM_CONVERSION = YES;
				CLANG_WARN_INFINITE_RECURSION = YES;
				CLANG_WARN_INT_CONVERSION = YES;
				CLANG_WARN_NON_LITERAL_NULL_CONVERSION = YES;
				CLANG_WARN_OBJC_IMPLICIT_RETAIN_SELF = YES;
				CLANG_WARN_OBJC_LITERAL_CONVERSION = YES;
				CLANG_WARN_QUOTED_INCLUDE_IN_FRAMEWORK_HEADER = YES;
				CLANG_WARN_RANGE_LOOP_ANALYSIS = YES;
				CLANG_WARN_STRICT_PROTOTYPES = YES;
				CLANG_WARN_SUSPICIOUS_MOVE = YES;
				CLANG_WARN_UNGUARDED_AVAILABILITY = YES_AGGRESSIVE;
				CODE_SIGN_IDENTITY = "Apple Development";
				CODE_SIGN_STYLE = Automatic;
				COPY_PHASE_STRIP = NO;
				CURRENT_PROJECT_VERSION = 1;
				DEBUG_INFORMATION_FORMAT = dwarf;
				DEVELOPMENT_TEAM = "";
				ENABLE_STRICT_OBJC_MSGSEND = YES;
				ENABLE_TESTABILITY = YES;
				GCC_C_LANGUAGE_STANDARD = gnu17;
				GCC_DYNAMIC_NO_PIC = NO;
				GCC_NO_COMMON_BLOCKS = YES;
				GCC_OPTIMIZATION_LEVEL = 0;
				GCC_PREPROCESSOR_DEFINITIONS = (
					"DEBUG=1",
					"$(inherited)",
				);
				GCC_WARN_64_TO_32_BIT_CONVERSION = YES;
				GCC_WARN_ABOUT_RETURN_TYPE = YES_ERROR;
				GCC_WARN_UNDECLARED_SELECTOR = YES;
				GCC_WARN_UNINITIALIZED_AUTOS = YES_AGGRESSIVE;
				GCC_WARN_UNUSED_FUNCTION = YES;
				GCC_WARN_UNUSED_VARIABLE = YES;
				IPHONEOS_DEPLOYMENT_TARGET = 17.2;
				LD_RUNPATH_SEARCH_PATHS = (
					"$(inherited)",
					"@executable_path/Frameworks",
				);
				MACOSX_DEPLOYMENT_TARGET = 14.0;
				MARKETING_VERSION = 1.0;
				MTL_ENABLE_DEBUG_INFO = INCLUDE_SOURCE;
				ONLY_ACTIVE_ARCH = YES;
				OTHER_LDFLAGS = "$(inherited)";
				PRODUCT_BUNDLE_IDENTIFIER = com.edufelip.livechat;
				PRODUCT_NAME = "$(TARGET_NAME)";
				SDKROOT = iphoneos;
				SUPPORTED_PLATFORMS = "iphonesimulator iphoneos";
				SUPPORTS_MACCATALYST = NO;
				SWIFT_ACTIVE_COMPILATION_CONDITIONS = DEBUG;
				SWIFT_OPTIMIZATION_LEVEL = "-Onone";
				SWIFT_VERSION = 5.0;
				TARGETED_DEVICE_FAMILY = "1,2";
				embeddedContentContainsSwift = YES;
			};
			name = Debug;
		};
		4F0F1C2C2C61B7F8008F12B6 /* Release */ = {
			isa = XCBuildConfiguration;
			buildSettings = {
				ALWAYS_SEARCH_USER_PATHS = NO;
				CLANG_ANALYZER_NONNULL = YES;
				CLANG_ANALYZER_NUMBER_OBJECT_CONVERSION = YES_AGGRESSIVE;
				CLANG_CXX_LANGUAGE_STANDARD = "gnu++20";
				CLANG_ENABLE_MODULES = YES;
				CLANG_ENABLE_OBJC_ARC = YES;
				CLANG_ENABLE_OBJC_WEAK = YES;
				CLANG_WARN_BLOCK_CAPTURE_AUTORELEASING = YES;
				CLANG_WARN_BOOL_CONVERSION = YES;
				CLANG_WARN_COMMA = YES;
				CLANG_WARN_CONSTANT_CONVERSION = YES;
				CLANG_WARN_DEPRECATED_OBJC_IMPLEMENTATIONS = YES;
				CLANG_WARN_DIRECT_OBJC_ISA_USAGE = YES_ERROR;
				CLANG_WARN_DOCUMENTATION_COMMENTS = YES;
				CLANG_WARN_EMPTY_BODY = YES;
				CLANG_WARN_ENUM_CONVERSION = YES;
				CLANG_WARN_INFINITE_RECURSION = YES;
				CLANG_WARN_INT_CONVERSION = YES;
				CLANG_WARN_NON_LITERAL_NULL_CONVERSION = YES;
				CLANG_WARN_OBJC_IMPLICIT_RETAIN_SELF = YES;
				CLANG_WARN_OBJC_LITERAL_CONVERSION = YES;
				CLANG_WARN_QUOTED_INCLUDE_IN_FRAMEWORK_HEADER = YES;
				CLANG_WARN_RANGE_LOOP_ANALYSIS = YES;
				CLANG_WARN_STRICT_PROTOTYPES = YES;
				CLANG_WARN_SUSPICIOUS_MOVE = YES;
				CLANG_WARN_UNGUARDED_AVAILABILITY = YES_AGGRESSIVE;
				CODE_SIGN_IDENTITY = "Apple Development";
				CODE_SIGN_STYLE = Automatic;
				COPY_PHASE_STRIP = NO;
				CURRENT_PROJECT_VERSION = 1;
				DEBUG_INFORMATION_FORMAT = "dwarf-with-dsym";
				DEVELOPMENT_TEAM = "";
				ENABLE_NS_ASSERTIONS = NO;
				ENABLE_STRICT_OBJC_MSGSEND = YES;
				GCC_C_LANGUAGE_STANDARD = gnu17;
				GCC_NO_COMMON_BLOCKS = YES;
				GCC_WARN_64_TO_32_BIT_CONVERSION = YES;
				GCC_WARN_ABOUT_RETURN_TYPE = YES_ERROR;
				GCC_WARN_UNDECLARED_SELECTOR = YES;
				GCC_WARN_UNINITIALIZED_AUTOS = YES_AGGRESSIVE;
				GCC_WARN_UNUSED_FUNCTION = YES;
				GCC_WARN_UNUSED_VARIABLE = YES;
				IPHONEOS_DEPLOYMENT_TARGET = 17.2;
				LD_RUNPATH_SEARCH_PATHS = (
					"$(inherited)",
					"@executable_path/Frameworks",
				);
				MACOSX_DEPLOYMENT_TARGET = 14.0;
				MARKETING_VERSION = 1.0;
				OTHER_LDFLAGS = "$(inherited)";
				PRODUCT_BUNDLE_IDENTIFIER = com.edufelip.livechat;
				PRODUCT_NAME = "$(TARGET_NAME)";
				SDKROOT = iphoneos;
				SUPPORTED_PLATFORMS = "iphonesimulator iphoneos";
				SUPPORTS_MACCATALYST = NO;
				SWIFT_OPTIMIZATION_LEVEL = "-O";
				SWIFT_VERSION = 5.0;
				TARGETED_DEVICE_FAMILY = "1,2";
				embeddedContentContainsSwift = YES;
			};
			name = Release;
		};
		4F0F1C2C2C61B7F8008F12B8 /* Debug */ = {
			isa = XCBuildConfiguration;
			buildSettings = {
				ASSETCATALOG_COMPILER_APPICON_NAME = AppIcon;
				CODE_SIGN_ENTITLEMENTS = LiveChatIOS/LiveChatIOS.entitlements;
				DEVELOPMENT_TEAM = L4N9Z3Z82V;
				FRAMEWORK_SEARCH_PATHS = (
					"$(inherited)",
					"$(PROJECT_DIR)/../composeApp/build/XCFrameworks/**",
				);
				INFOPLIST_FILE = LiveChatIOS/Info.plist;
				INFOPLIST_KEY_CFBundleDisplayName = LiveChat;
				INFOPLIST_KEY_LSApplicationCategoryType = "public.app-category.utilities";
				IPHONEOS_DEPLOYMENT_TARGET = 17.2;
				LD_RUNPATH_SEARCH_PATHS = (
					"$(inherited)",
					"@executable_path/Frameworks",
				);
				OTHER_LDFLAGS = (
					"$(inherited)",
					"-lsqlite3",
				);
				PRODUCT_BUNDLE_IDENTIFIER = com.edufelip.livechat;
				PRODUCT_NAME = LiveChatIOS;
				SWIFT_ENABLE_EXPLICIT_MODULES = NO;
				SWIFT_VERSION = 5.0;
				TARGETED_DEVICE_FAMILY = "1,2";
			};
			name = Debug;
		};
		4F0F1C2C2C61B7F8008F12B9 /* Release */ = {
			isa = XCBuildConfiguration;
			buildSettings = {
				ASSETCATALOG_COMPILER_APPICON_NAME = AppIcon;
				CODE_SIGN_ENTITLEMENTS = LiveChatIOS/LiveChatIOS.entitlements;
				DEVELOPMENT_TEAM = L4N9Z3Z82V;
				FRAMEWORK_SEARCH_PATHS = (
					"$(inherited)",
					"$(PROJECT_DIR)/../composeApp/build/XCFrameworks/**",
				);
				INFOPLIST_FILE = LiveChatIOS/Info.plist;
				INFOPLIST_KEY_CFBundleDisplayName = LiveChat;
				INFOPLIST_KEY_LSApplicationCategoryType = "public.app-category.utilities";
				IPHONEOS_DEPLOYMENT_TARGET = 17.2;
				LD_RUNPATH_SEARCH_PATHS = (
					"$(inherited)",
					"@executable_path/Frameworks",
				);
				OTHER_LDFLAGS = (
					"$(inherited)",
					"-lsqlite3",
				);
				PRODUCT_BUNDLE_IDENTIFIER = com.edufelip.livechat;
				PRODUCT_NAME = LiveChatIOS;
				SWIFT_ENABLE_EXPLICIT_MODULES = NO;
				SWIFT_VERSION = 5.0;
				TARGETED_DEVICE_FAMILY = "1,2";
			};
			name = Release;
		};
		2BDA6F94F8B645939A0007ED /* Debug */ = {
			isa = XCBuildConfiguration;
			buildSettings = {
				CODE_SIGN_STYLE = Automatic;
				DEVELOPMENT_TEAM = L4N9Z3Z82V;
				INFOPLIST_FILE = LiveChatIOSUITests/Info.plist;
				IPHONEOS_DEPLOYMENT_TARGET = 17.2;
				PRODUCT_BUNDLE_IDENTIFIER = com.edufelip.livechat.iosuitests;
				PRODUCT_NAME = "$(TARGET_NAME)";
				SWIFT_VERSION = 5.0;
				TARGETED_DEVICE_FAMILY = "1,2";
				TEST_TARGET_NAME = LiveChatIOS;
			};
			name = Debug;
		};
		BD8AB4B976544F5F8071974D /* Release */ = {
			isa = XCBuildConfiguration;
			buildSettings = {
				CODE_SIGN_STYLE = Automatic;
				DEVELOPMENT_TEAM = L4N9Z3Z82V;
				INFOPLIST_FILE = LiveChatIOSUITests/Info.plist;
				IPHONEOS_DEPLOYMENT_TARGET = 17.2;
				PRODUCT_BUNDLE_IDENTIFIER = com.edufelip.livechat.iosuitests;
				PRODUCT_NAME = "$(TARGET_NAME)";
				SWIFT_VERSION = 5.0;
				TARGETED_DEVICE_FAMILY = "1,2";
				TEST_TARGET_NAME = LiveChatIOS;
			};
			name = Release;
		};
/* End XCBuildConfiguration section */

/* Begin XCConfigurationList section */
		4F0F1C2C2C61B7F8008F12B4 /* Build configuration list for PBXProject "LiveChatIOS" */ = {
			isa = XCConfigurationList;
			buildConfigurations = (
				4F0F1C2C2C61B7F8008F12B5 /* Debug */,
				4F0F1C2C2C61B7F8008F12B6 /* Release */,
			);
			defaultConfigurationIsVisible = 0;
			defaultConfigurationName = Debug;
		};
		4F0F1C2C2C61B7F8008F12B7 /* Build configuration list for PBXNativeTarget "LiveChatIOS" */ = {
			isa = XCConfigurationList;
			buildConfigurations = (
				4F0F1C2C2C61B7F8008F12B8 /* Debug */,
				4F0F1C2C2C61B7F8008F12B9 /* Release */,
			);
			defaultConfigurationIsVisible = 0;
			defaultConfigurationName = Debug;
		};
		A72A0C5FCF2B41BF8680E49D /* Build configuration list for PBXNativeTarget "LiveChatIOSUITests" */ = {
			isa = XCConfigurationList;
			buildConfigurations = (
				2BDA6F94F8B645939A0007ED /* Debug */,
				BD8AB4B976544F5F8071974D /* Release */,
			);
			defaultConfigurationIsVisible = 0;
			defaultConfigurationName = Debug;
		};
/* End XCConfigurationList section */
	};
	rootObject = 4F0F1C2C2C61B7F8008F12A0 /* Project object */;
}
