// !$*UTF8*$!
{
	archiveVersion = 1;
	classes = {
	};
	objectVersion = 60;
	objects = {

/* Begin PBXBuildFile section */
		4F0F1C2C2C61B7F8008F12B0 /* AppDelegate.swift in Sources */ = {isa = PBXBuildFile; fileRef = 4F0F1C2C2C61B7F8008F12A4 /* AppDelegate.swift */; };
		4F0F1C2C2C61B7F8008F12B2 /* LiveChatCompose.xcframework in Frameworks */ = {isa = PBXBuildFile; fileRef = 4F0F1C2C2C61B7F8008F12A6 /* LiveChatCompose.xcframework */; };
		4F0F1C2C2C61B7F8008F12B3 /* LiveChatCompose.xcframework in Embed Frameworks */ = {isa = PBXBuildFile; fileRef = 4F0F1C2C2C61B7F8008F12A6 /* LiveChatCompose.xcframework */; settings = {ATTRIBUTES = (CodeSignOnCopy, RemoveHeadersOnCopy, ); }; };
		4F0F1C2C2C61B7F8008F12C1 /* libsqlite3.tbd in Frameworks */ = {isa = PBXBuildFile; fileRef = 4F0F1C2C2C61B7F8008F12C0 /* libsqlite3.tbd */; };
/* End PBXBuildFile section */

/* Begin PBXCopyFilesBuildPhase section */
		4F0F1C2C2C61B7F8008F12AE /* Embed Frameworks */ = {
			isa = PBXCopyFilesBuildPhase;
			buildActionMask = 2147483647;
			dstPath = "";
			dstSubfolderSpec = 10;
			files = (
				4F0F1C2C2C61B7F8008F12B3 /* LiveChatCompose.xcframework in Embed Frameworks */,
			);
			name = "Embed Frameworks";
			runOnlyForDeploymentPostprocessing = 0;
		};
/* End PBXCopyFilesBuildPhase section */

/* Begin PBXFileReference section */
		4F0F1C2C2C61B7F8008F12A4 /* AppDelegate.swift */ = {isa = PBXFileReference; lastKnownFileType = sourcecode.swift; path = AppDelegate.swift; sourceTree = "<group>"; };
		4F0F1C2C2C61B7F8008F12A6 /* LiveChatCompose.xcframework */ = {isa = PBXFileReference; lastKnownFileType = wrapper.xcframework; name = LiveChatCompose.xcframework; path = ../composeApp/build/XCFrameworks/release/LiveChatCompose.xcframework; sourceTree = SOURCE_ROOT; };
		4F0F1C2C2C61B7F8008F12A7 /* Info.plist */ = {isa = PBXFileReference; lastKnownFileType = text.plist.xml; path = Info.plist; sourceTree = "<group>"; };
		4F0F1C2C2C61B7F8008F12AF /* LiveChatIOS.app */ = {isa = PBXFileReference; explicitFileType = wrapper.application; includeInIndex = 0; path = LiveChatIOS.app; sourceTree = BUILT_PRODUCTS_DIR; };
		4F0F1C2C2C61B7F8008F12C0 /* libsqlite3.tbd */ = {isa = PBXFileReference; lastKnownFileType = "sourcecode.text-based-dylib-definition"; name = libsqlite3.tbd; path = usr/lib/libsqlite3.tbd; sourceTree = SDKROOT; };
/* End PBXFileReference section */

/* Begin PBXFrameworksBuildPhase section */
		4F0F1C2C2C61B7F8008F12AB /* Frameworks */ = {
			isa = PBXFrameworksBuildPhase;
			buildActionMask = 2147483647;
			files = (
				4F0F1C2C2C61B7F8008F12B2 /* LiveChatCompose.xcframework in Frameworks */,
				4F0F1C2C2C61B7F8008F12C1 /* libsqlite3.tbd in Frameworks */,
			);
			runOnlyForDeploymentPostprocessing = 0;
		};
/* End PBXFrameworksBuildPhase section */

/* Begin PBXGroup section */
		4F0F1C2C2C61B7F8008F129F = {
			isa = PBXGroup;
			children = (
				4F0F1C2C2C61B7F8008F12A3 /* LiveChatIOS */,
				4F0F1C2C2C61B7F8008F12A8 /* Frameworks */,
				4F0F1C2C2C61B7F8008F12A9 /* Products */,
			);
			sourceTree = "<group>";
		};
		4F0F1C2C2C61B7F8008F12A3 /* LiveChatIOS */ = {
			isa = PBXGroup;
			children = (
				4F0F1C2C2C61B7F8008F12A4 /* AppDelegate.swift */,
				4F0F1C2C2C61B7F8008F12A7 /* Info.plist */,
			);
			path = LiveChatIOS;
			sourceTree = SOURCE_ROOT;
		};
		4F0F1C2C2C61B7F8008F12A8 /* Frameworks */ = {
			isa = PBXGroup;
			children = (
				4F0F1C2C2C61B7F8008F12A6 /* LiveChatCompose.xcframework */,
				4F0F1C2C2C61B7F8008F12C0 /* libsqlite3.tbd */,
			);
			name = Frameworks;
			sourceTree = "<group>";
		};
		4F0F1C2C2C61B7F8008F12A9 /* Products */ = {
			isa = PBXGroup;
			children = (
				4F0F1C2C2C61B7F8008F12AF /* LiveChatIOS.app */,
			);
			name = Products;
			sourceTree = "<group>";
		};
/* End PBXGroup section */

/* Begin PBXNativeTarget section */
		4F0F1C2C2C61B7F8008F12AA /* LiveChatIOS */ = {
			isa = PBXNativeTarget;
			buildConfigurationList = 4F0F1C2C2C61B7F8008F12B7 /* Build configuration list for PBXNativeTarget "LiveChatIOS" */;
			buildPhases = (
				4F0F1C2C2C61B7F8008F12A1 /* Sources */,
				4F0F1C2C2C61B7F8008F12AB /* Frameworks */,
				4F0F1C2C2C61B7F8008F12AC /* Resources */,
				4F0F1C2C2C61B7F8008F12AE /* Embed Frameworks */,
			);
			buildRules = (
			);
			dependencies = (
			);
			name = LiveChatIOS;
			productName = LiveChatIOS;
			productReference = 4F0F1C2C2C61B7F8008F12AF /* LiveChatIOS.app */;
			productType = "com.apple.product-type.application";
		};
/* End PBXNativeTarget section */

/* Begin PBXProject section */
		4F0F1C2C2C61B7F8008F12A0 /* Project object */ = {
			isa = PBXProject;
			attributes = {
				BuildIndependentTargetsInParallel = YES;
				LastSwiftUpdateCheck = 1530;
				LastUpgradeCheck = 1530;
				TargetAttributes = {
					4F0F1C2C2C61B7F8008F12AA = {
						CreatedOnToolsVersion = 15.3;
						ProvisioningStyle = Automatic;
					};
				};
			};
			buildConfigurationList = 4F0F1C2C2C61B7F8008F12B4 /* Build configuration list for PBXProject "LiveChatIOS" */;
			compatibilityVersion = "Xcode 15.0";
			developmentRegion = en;
			hasScannedForEncodings = 0;
			knownRegions = (
				en,
			);
			mainGroup = 4F0F1C2C2C61B7F8008F129F;
			productRefGroup = 4F0F1C2C2C61B7F8008F12A9 /* Products */;
			projectDirPath = "";
			projectRoot = "";
			targets = (
				4F0F1C2C2C61B7F8008F12AA /* LiveChatIOS */,
			);
		};
/* End PBXProject section */

/* Begin PBXResourcesBuildPhase section */
	4F0F1C2C2C61B7F8008F12AC /* Resources */ = {
		isa = PBXResourcesBuildPhase;
		buildActionMask = 2147483647;
		files = (
		);
		runOnlyForDeploymentPostprocessing = 0;
	};
/* End PBXResourcesBuildPhase section */

/* Begin PBXSourcesBuildPhase section */
		4F0F1C2C2C61B7F8008F12A1 /* Sources */ = {
			isa = PBXSourcesBuildPhase;
			buildActionMask = 2147483647;
			files = (
				4F0F1C2C2C61B7F8008F12B0 /* AppDelegate.swift in Sources */,
			);
			runOnlyForDeploymentPostprocessing = 0;
		};
/* End PBXSourcesBuildPhase section */

/* Begin XCBuildConfiguration section */
		4F0F1C2C2C61B7F8008F12B5 /* Debug */ = {
			isa = XCBuildConfiguration;
			buildSettings = {
				ALWAYS_SEARCH_USER_PATHS = NO;
				CLANG_ANALYZER_NONNULL = YES;
				CLANG_ANALYZER_NUMBER_OBJECT_CONVERSION = YES_AGGRESSIVE;
				CLANG_CXX_LANGUAGE_STANDARD = "gnu++20";
				CLANG_ENABLE_MODULES = YES;
				CLANG_ENABLE_OBJC_ARC = YES;
				CLANG_ENABLE_OBJC_WEAK = YES;
				CLANG_WARN_BLOCK_CAPTURE_AUTORELEASING = YES;
				CLANG_WARN_BOOL_CONVERSION = YES;
				CLANG_WARN_COMMA = YES;
				CLANG_WARN_CONSTANT_CONVERSION = YES;
				CLANG_WARN_DEPRECATED_OBJC_IMPLEMENTATIONS = YES;
				CLANG_WARN_DIRECT_OBJC_ISA_USAGE = YES_ERROR;
				CLANG_WARN_DOCUMENTATION_COMMENTS = YES;
				CLANG_WARN_EMPTY_BODY = YES;
				CLANG_WARN_ENUM_CONVERSION = YES;
				CLANG_WARN_INFINITE_RECURSION = YES;
				CLANG_WARN_INT_CONVERSION = YES;
				CLANG_WARN_NON_LITERAL_NULL_CONVERSION = YES;
				CLANG_WARN_OBJC_IMPLICIT_RETAIN_SELF = YES;
				CLANG_WARN_OBJC_LITERAL_CONVERSION = YES;
				CLANG_WARN_QUOTED_INCLUDE_IN_FRAMEWORK_HEADER = YES;
				CLANG_WARN_RANGE_LOOP_ANALYSIS = YES;
				CLANG_WARN_STRICT_PROTOTYPES = YES;
				CLANG_WARN_SUSPICIOUS_MOVE = YES;
				CLANG_WARN_UNGUARDED_AVAILABILITY = YES_AGGRESSIVE;
				CODE_SIGN_IDENTITY = "Apple Development";
				CODE_SIGN_STYLE = Automatic;
				COPY_PHASE_STRIP = NO;
				CURRENT_PROJECT_VERSION = 1;
				DEBUG_INFORMATION_FORMAT = dwarf;
				DEVELOPMENT_TEAM = "";
				ENABLE_STRICT_OBJC_MSGSEND = YES;
				ENABLE_TESTABILITY = YES;
				GCC_C_LANGUAGE_STANDARD = gnu17;
				GCC_DYNAMIC_NO_PIC = NO;
				GCC_NO_COMMON_BLOCKS = YES;
				GCC_OPTIMIZATION_LEVEL = 0;
				GCC_PREPROCESSOR_DEFINITIONS = (
					"DEBUG=1",
					"$(inherited)",
				);
				GCC_WARN_64_TO_32_BIT_CONVERSION = YES;
				GCC_WARN_ABOUT_RETURN_TYPE = YES_ERROR;
				GCC_WARN_UNDECLARED_SELECTOR = YES;
				GCC_WARN_UNINITIALIZED_AUTOS = YES_AGGRESSIVE;
				GCC_WARN_UNUSED_FUNCTION = YES;
				GCC_WARN_UNUSED_VARIABLE = YES;
				IPHONEOS_DEPLOYMENT_TARGET = 17.2;
				LD_RUNPATH_SEARCH_PATHS = (
					"$(inherited)",
					"@executable_path/Frameworks",
				);
				MACOSX_DEPLOYMENT_TARGET = 14.0;
				MARKETING_VERSION = 1.0;
				MTL_ENABLE_DEBUG_INFO = INCLUDE_SOURCE;
				ONLY_ACTIVE_ARCH = YES;
				OTHER_LDFLAGS = "$(inherited)";
				PRODUCT_BUNDLE_IDENTIFIER = com.project.livechat.ios;
				PRODUCT_NAME = "$(TARGET_NAME)";
				SDKROOT = iphoneos;
				SUPPORTED_PLATFORMS = "iphonesimulator iphoneos";
				SUPPORTS_MACCATALYST = NO;
				SWIFT_ACTIVE_COMPILATION_CONDITIONS = DEBUG;
				SWIFT_OPTIMIZATION_LEVEL = "-Onone";
				SWIFT_VERSION = 5.0;
				TARGETED_DEVICE_FAMILY = "1,2";
				embeddedContentContainsSwift = YES;
			};
			name = Debug;
		};
		4F0F1C2C2C61B7F8008F12B6 /* Release */ = {
			isa = XCBuildConfiguration;
			buildSettings = {
				ALWAYS_SEARCH_USER_PATHS = NO;
				CLANG_ANALYZER_NONNULL = YES;
				CLANG_ANALYZER_NUMBER_OBJECT_CONVERSION = YES_AGGRESSIVE;
				CLANG_CXX_LANGUAGE_STANDARD = "gnu++20";
				CLANG_ENABLE_MODULES = YES;
				CLANG_ENABLE_OBJC_ARC = YES;
				CLANG_ENABLE_OBJC_WEAK = YES;
				CLANG_WARN_BLOCK_CAPTURE_AUTORELEASING = YES;
				CLANG_WARN_BOOL_CONVERSION = YES;
				CLANG_WARN_COMMA = YES;
				CLANG_WARN_CONSTANT_CONVERSION = YES;
				CLANG_WARN_DEPRECATED_OBJC_IMPLEMENTATIONS = YES;
				CLANG_WARN_DIRECT_OBJC_ISA_USAGE = YES_ERROR;
				CLANG_WARN_DOCUMENTATION_COMMENTS = YES;
				CLANG_WARN_EMPTY_BODY = YES;
				CLANG_WARN_ENUM_CONVERSION = YES;
				CLANG_WARN_INFINITE_RECURSION = YES;
				CLANG_WARN_INT_CONVERSION = YES;
				CLANG_WARN_NON_LITERAL_NULL_CONVERSION = YES;
				CLANG_WARN_OBJC_IMPLICIT_RETAIN_SELF = YES;
				CLANG_WARN_OBJC_LITERAL_CONVERSION = YES;
				CLANG_WARN_QUOTED_INCLUDE_IN_FRAMEWORK_HEADER = YES;
				CLANG_WARN_RANGE_LOOP_ANALYSIS = YES;
				CLANG_WARN_STRICT_PROTOTYPES = YES;
				CLANG_WARN_SUSPICIOUS_MOVE = YES;
				CLANG_WARN_UNGUARDED_AVAILABILITY = YES_AGGRESSIVE;
				CODE_SIGN_IDENTITY = "Apple Development";
				CODE_SIGN_STYLE = Automatic;
				COPY_PHASE_STRIP = NO;
				CURRENT_PROJECT_VERSION = 1;
				DEBUG_INFORMATION_FORMAT = "dwarf-with-dsym";
				DEVELOPMENT_TEAM = "";
				ENABLE_NS_ASSERTIONS = NO;
				ENABLE_STRICT_OBJC_MSGSEND = YES;
				GCC_C_LANGUAGE_STANDARD = gnu17;
				GCC_NO_COMMON_BLOCKS = YES;
				GCC_WARN_64_TO_32_BIT_CONVERSION = YES;
				GCC_WARN_ABOUT_RETURN_TYPE = YES_ERROR;
				GCC_WARN_UNDECLARED_SELECTOR = YES;
				GCC_WARN_UNINITIALIZED_AUTOS = YES_AGGRESSIVE;
				GCC_WARN_UNUSED_FUNCTION = YES;
				GCC_WARN_UNUSED_VARIABLE = YES;
				IPHONEOS_DEPLOYMENT_TARGET = 17.2;
				LD_RUNPATH_SEARCH_PATHS = (
					"$(inherited)",
					"@executable_path/Frameworks",
				);
				MACOSX_DEPLOYMENT_TARGET = 14.0;
				MARKETING_VERSION = 1.0;
				OTHER_LDFLAGS = "$(inherited)";
				PRODUCT_BUNDLE_IDENTIFIER = com.project.livechat.ios;
				PRODUCT_NAME = "$(TARGET_NAME)";
				SDKROOT = iphoneos;
				SUPPORTED_PLATFORMS = "iphonesimulator iphoneos";
				SUPPORTS_MACCATALYST = NO;
				SWIFT_OPTIMIZATION_LEVEL = "-O";
				SWIFT_VERSION = 5.0;
				TARGETED_DEVICE_FAMILY = "1,2";
				embeddedContentContainsSwift = YES;
			};
			name = Release;
		};
		4F0F1C2C2C61B7F8008F12B8 /* Debug */ = {
			isa = XCBuildConfiguration;
			buildSettings = {
			DEVELOPMENT_TEAM = "";
				FRAMEWORK_SEARCH_PATHS = (
					"$(inherited)",
					"$(PROJECT_DIR)/../composeApp/build/XCFrameworks/**",
					"$(SDKROOT)/System/Library/SubFrameworks",
				);
				INFOPLIST_FILE = LiveChatIOS/Info.plist;
				IPHONEOS_DEPLOYMENT_TARGET = 17.2;
				LD_RUNPATH_SEARCH_PATHS = (
					"$(inherited)",
					"@executable_path/Frameworks",
				);
				OTHER_LDFLAGS = (
					"$(inherited)",
					"-lsqlite3",
				);
				PRODUCT_BUNDLE_IDENTIFIER = com.project.livechat.ios;
				PRODUCT_NAME = LiveChatIOS;
				SWIFT_VERSION = 5.0;
				TARGETED_DEVICE_FAMILY = "1,2";
			};
			name = Debug;
		};
		4F0F1C2C2C61B7F8008F12B9 /* Release */ = {
			isa = XCBuildConfiguration;
			buildSettings = {
			DEVELOPMENT_TEAM = "";
				FRAMEWORK_SEARCH_PATHS = (
					"$(inherited)",
					"$(PROJECT_DIR)/../composeApp/build/XCFrameworks/**",
					"$(SDKROOT)/System/Library/SubFrameworks",
				);
				INFOPLIST_FILE = LiveChatIOS/Info.plist;
				IPHONEOS_DEPLOYMENT_TARGET = 17.2;
				LD_RUNPATH_SEARCH_PATHS = (
					"$(inherited)",
					"@executable_path/Frameworks",
				);
				OTHER_LDFLAGS = (
					"$(inherited)",
					"-lsqlite3",
				);
				PRODUCT_BUNDLE_IDENTIFIER = com.project.livechat.ios;
				PRODUCT_NAME = LiveChatIOS;
				SWIFT_VERSION = 5.0;
				TARGETED_DEVICE_FAMILY = "1,2";
			};
			name = Release;
		};
/* End XCBuildConfiguration section */

/* Begin XCConfigurationList section */
		4F0F1C2C2C61B7F8008F12B4 /* Build configuration list for PBXProject "LiveChatIOS" */ = {
			isa = XCConfigurationList;
			buildConfigurations = (
				4F0F1C2C2C61B7F8008F12B5 /* Debug */,
				4F0F1C2C2C61B7F8008F12B6 /* Release */,
			);
			defaultConfigurationIsVisible = 0;
			defaultConfigurationName = Debug;
		};
		4F0F1C2C2C61B7F8008F12B7 /* Build configuration list for PBXNativeTarget "LiveChatIOS" */ = {
			isa = XCConfigurationList;
			buildConfigurations = (
				4F0F1C2C2C61B7F8008F12B8 /* Debug */,
				4F0F1C2C2C61B7F8008F12B9 /* Release */,
			);
			defaultConfigurationIsVisible = 0;
			defaultConfigurationName = Debug;
		};
/* End XCConfigurationList section */

	};
	rootObject = 4F0F1C2C2C61B7F8008F12A0 /* Project object */;
}
